<?xml version="1.0" encoding="utf-8"?>
<Project ToolsVersion="4.0" xmlns="http://schemas.microsoft.com/developer/msbuild/2003">
  <ItemGroup>
    <Filter Include="Fichiers d%27en-tête">
      <UniqueIdentifier>{93995380-89BD-4b04-88EB-625FBE52EBFB}</UniqueIdentifier>
      <Extensions>h;hpp;hxx;hm;inl;inc;xsd</Extensions>
    </Filter>
    <Filter Include="Fichiers de ressources">
      <UniqueIdentifier>{67DA6AB6-F800-4c08-8B7A-83BB121AAD01}</UniqueIdentifier>
      <Extensions>rc;ico;cur;bmp;dlg;rc2;rct;bin;rgs;gif;jpg;jpeg;jpe;resx;tiff;tif;png;wav;mfcribbon-ms</Extensions>
    </Filter>
    <Filter Include="src">
      <UniqueIdentifier>{0df30338-6082-4ef8-843a-d1cc2223d779}</UniqueIdentifier>
    </Filter>
  </ItemGroup>
  <ItemGroup>
    <ClCompile Include="..\src\main.cpp">
      <Filter>src</Filter>
    </ClCompile>
    <ClCompile Include="..\src\BasicShaderCallBack.cpp">
      <Filter>src</Filter>
    </ClCompile>
    <ClCompile Include="..\src\CustomNode.cpp">
      <Filter>src</Filter>
    </ClCompile>
    <ClCompile Include="..\src\EventReceiver.cpp">
      <Filter>src</Filter>
    </ClCompile>
  </ItemGroup>
  <ItemGroup>
    <ClInclude Include="..\include\BasicShaderCallBack.h">
      <Filter>Fichiers d%27en-tête</Filter>
    </ClInclude>
    <ClInclude Include="..\include\CustomNode.h">
      <Filter>Fichiers d%27en-tête</Filter>
    </ClInclude>
    <ClInclude Include="..\include\EventReceiver.h">
      <Filter>Fichiers d%27en-tête</Filter>
    </ClInclude>
  </ItemGroup>
  <ItemGroup>
    <None Include="..\shaders\default.frag">
      <Filter>Fichiers de ressources</Filter>
    </None>
    <None Include="..\shaders\default.vert">
      <Filter>Fichiers de ressources</Filter>
    </None>
    <None Include="..\shaders\diffuse.vert">
      <Filter>Fichiers de ressources</Filter>
    </None>
    <None Include="..\shaders\specular.vert">
      <Filter>Fichiers de ressources</Filter>
    </None>
    <None Include="..\shaders\light.vert">
      <Filter>Fichiers de ressources</Filter>
    </None>
  </ItemGroup>
  <ItemGroup>
    <Image Include="..\textures\earthbump1k.jpg">
      <Filter>Fichiers de ressources</Filter>
    </Image>
    <Image Include="..\textures\earthmap1k.jpg">
      <Filter>Fichiers de ressources</Filter>
    </Image>
    <Image Include="..\textures\earthspec1k.jpg">
      <Filter>Fichiers de ressources</Filter>
    </Image>
    <Image Include="..\textures\earthlights1k.jpg">
      <Filter>Fichiers de ressources</Filter>
    </Image>
  </ItemGroup>
</Project>